dependencies:
  carlos-lorenzo/ads1299:
    component_hash: e4e474418719f88276e95ac56cc250943fbd555c1c782d4e283dbd8c8a3b3c52
    dependencies:
    - name: idf
      require: private
      version: '>=5.3'
    source:
      registry_url: https://components.espressif.com/
      type: service
    version: 0.2.0
  idf:
    source:
      type: idf
    version: 6.0.2
direct_dependencies:
- carlos-lorenzo/ads1299
manifest_hash: ff257b4df45ce73988d78c5595d1c9fc253ab915d471d775a3ef6bb4ea436243
target: esp32s3
version: 3.0.0
